
Microsoft Visual Studio Solution File, Format Version 12.00
# Visual Studio Version 17
VisualStudioVersion = 17.0.31903.59
MinimumVisualStudioVersion = 10.0.40219.1
Project("{2150E333-8FDC-42A3-9474-1A3956D46DE8}") = "src", "src", "{16D12315-5AF8-44FB-A182-B561A2CD084E}"
EndProject
Project("{2150E333-8FDC-42A3-9474-1A3956D46DE8}") = "test", "test", "{2B56AC78-1EAA-4CD0-80D0-827A7BEB9FC5}"
EndProject
Project("{2150E333-8FDC-42A3-9474-1A3956D46DE8}") = "doc", "doc", "{B2309015-9159-4C52-BACB-A94F0F6E7A36}"
	ProjectSection(SolutionItems) = preProject
		Credits.md = Credits.md
		README.md = README.md
	EndProjectSection
EndProject
Project("{2150E333-8FDC-42A3-9474-1A3956D46DE8}") = "dotnet", "dotnet", "{02EA681E-C7D8-13C7-8484-4AC65E1B71E8}"
EndProject
Project("{2150E333-8FDC-42A3-9474-1A3956D46DE8}") = "cpp", "cpp", "{D568C589-5E32-4D7C-9F8B-CE1E0775C7BE}"
EndProject
Project("{FAE04EC0-301F-11D3-BF4B-00C04F79EFBC}") = "RocketShared", "src\dotnet\RocketShared\RocketShared.csproj", "{F12B4C46-B686-3CA1-BE43-7532C8620D2F}"
EndProject
Project("{FAE04EC0-301F-11D3-BF4B-00C04F79EFBC}") = "RocketServer", "src\dotnet\RocketServer\RocketServer.csproj", "{564339D3-93A0-C047-0749-BC1347ADA1D9}"
EndProject
Project("{FAE04EC0-301F-11D3-BF4B-00C04F79EFBC}") = "Rocket", "src\dotnet\Rocket\Rocket.csproj", "{84892C88-071F-ECFB-7BA4-3D83B1F72BD6}"
EndProject
Project("{8BC9CEB8-8B4A-11D0-8D11-00A0C91BC942}") = "RocketServer", "src\cpp\RocketServer\RocketServer.vcxproj", "{C27F25DE-2AE1-4C8B-A853-239E799AF090}"
EndProject
Project("{8BC9CEB8-8B4A-11D0-8D11-00A0C91BC942}") = "Rocket", "src\cpp\Rocket\Rocket.vcxproj", "{7FFB72B0-598E-4FFC-BEB1-CD0487973C5F}"
EndProject
Project("{8BC9CEB8-8B4A-11D0-8D11-00A0C91BC942}") = "RocketConsole", "src\cpp\RocketConsole\RocketConsole.vcxproj", "{6E0D1E19-3C3A-4615-964C-CF2C243AEAAD}"
EndProject
Project("{8BC9CEB8-8B4A-11D0-8D11-00A0C91BC942}") = "RocketTests", "test\RocketTests\RocketTests.vcxproj", "{77B92DF7-9564-3DE8-72CD-960459D1F950}"
EndProject
Global
	GlobalSection(SolutionConfigurationPlatforms) = preSolution
		Debug|Any CPU = Debug|Any CPU
		Debug|x64 = Debug|x64
		Debug|x86 = Debug|x86
		Release|Any CPU = Release|Any CPU
		Release|x64 = Release|x64
		Release|x86 = Release|x86
	EndGlobalSection
	GlobalSection(ProjectConfigurationPlatforms) = postSolution
		{F12B4C46-B686-3CA1-BE43-7532C8620D2F}.Debug|Any CPU.ActiveCfg = Debug|Any CPU
		{F12B4C46-B686-3CA1-BE43-7532C8620D2F}.Debug|Any CPU.Build.0 = Debug|Any CPU
		{F12B4C46-B686-3CA1-BE43-7532C8620D2F}.Debug|x64.ActiveCfg = Debug|Any CPU
		{F12B4C46-B686-3CA1-BE43-7532C8620D2F}.Debug|x86.ActiveCfg = Debug|Any CPU
		{F12B4C46-B686-3CA1-BE43-7532C8620D2F}.Debug|x86.Build.0 = Debug|Any CPU
		{F12B4C46-B686-3CA1-BE43-7532C8620D2F}.Release|Any CPU.ActiveCfg = Release|Any CPU
		{F12B4C46-B686-3CA1-BE43-7532C8620D2F}.Release|Any CPU.Build.0 = Release|Any CPU
		{F12B4C46-B686-3CA1-BE43-7532C8620D2F}.Release|x64.ActiveCfg = Release|Any CPU
		{F12B4C46-B686-3CA1-BE43-7532C8620D2F}.Release|x64.Build.0 = Release|Any CPU
		{F12B4C46-B686-3CA1-BE43-7532C8620D2F}.Release|x86.ActiveCfg = Release|Any CPU
		{F12B4C46-B686-3CA1-BE43-7532C8620D2F}.Release|x86.Build.0 = Release|Any CPU
		{564339D3-93A0-C047-0749-BC1347ADA1D9}.Debug|Any CPU.ActiveCfg = Debug|Any CPU
		{564339D3-93A0-C047-0749-BC1347ADA1D9}.Debug|Any CPU.Build.0 = Debug|Any CPU
		{564339D3-93A0-C047-0749-BC1347ADA1D9}.Debug|x64.ActiveCfg = Debug|Any CPU
		{564339D3-93A0-C047-0749-BC1347ADA1D9}.Debug|x86.ActiveCfg = Debug|Any CPU
		{564339D3-93A0-C047-0749-BC1347ADA1D9}.Debug|x86.Build.0 = Debug|Any CPU
		{564339D3-93A0-C047-0749-BC1347ADA1D9}.Release|Any CPU.ActiveCfg = Release|Any CPU
		{564339D3-93A0-C047-0749-BC1347ADA1D9}.Release|Any CPU.Build.0 = Release|Any CPU
		{564339D3-93A0-C047-0749-BC1347ADA1D9}.Release|x64.ActiveCfg = Release|Any CPU
		{564339D3-93A0-C047-0749-BC1347ADA1D9}.Release|x64.Build.0 = Release|Any CPU
		{564339D3-93A0-C047-0749-BC1347ADA1D9}.Release|x86.ActiveCfg = Release|Any CPU
		{564339D3-93A0-C047-0749-BC1347ADA1D9}.Release|x86.Build.0 = Release|Any CPU
		{84892C88-071F-ECFB-7BA4-3D83B1F72BD6}.Debug|Any CPU.ActiveCfg = Debug|Any CPU
		{84892C88-071F-ECFB-7BA4-3D83B1F72BD6}.Debug|Any CPU.Build.0 = Debug|Any CPU
		{84892C88-071F-ECFB-7BA4-3D83B1F72BD6}.Debug|x64.ActiveCfg = Debug|Any CPU
		{84892C88-071F-ECFB-7BA4-3D83B1F72BD6}.Debug|x86.ActiveCfg = Debug|Any CPU
		{84892C88-071F-ECFB-7BA4-3D83B1F72BD6}.Debug|x86.Build.0 = Debug|Any CPU
		{84892C88-071F-ECFB-7BA4-3D83B1F72BD6}.Release|Any CPU.ActiveCfg = Release|Any CPU
		{84892C88-071F-ECFB-7BA4-3D83B1F72BD6}.Release|Any CPU.Build.0 = Release|Any CPU
		{84892C88-071F-ECFB-7BA4-3D83B1F72BD6}.Release|x64.ActiveCfg = Release|Any CPU
		{84892C88-071F-ECFB-7BA4-3D83B1F72BD6}.Release|x64.Build.0 = Release|Any CPU
		{84892C88-071F-ECFB-7BA4-3D83B1F72BD6}.Release|x86.ActiveCfg = Release|Any CPU
		{84892C88-071F-ECFB-7BA4-3D83B1F72BD6}.Release|x86.Build.0 = Release|Any CPU
		{C27F25DE-2AE1-4C8B-A853-239E799AF090}.Debug|Any CPU.ActiveCfg = Debug|x64
		{C27F25DE-2AE1-4C8B-A853-239E799AF090}.Debug|Any CPU.Build.0 = Debug|x64
		{C27F25DE-2AE1-4C8B-A853-239E799AF090}.Debug|x64.ActiveCfg = Debug|x64
		{C27F25DE-2AE1-4C8B-A853-239E799AF090}.Debug|x64.Build.0 = Debug|x64
		{C27F25DE-2AE1-4C8B-A853-239E799AF090}.Debug|x86.ActiveCfg = Debug|Win32
		{C27F25DE-2AE1-4C8B-A853-239E799AF090}.Debug|x86.Build.0 = Debug|Win32
		{C27F25DE-2AE1-4C8B-A853-239E799AF090}.Release|Any CPU.ActiveCfg = Release|x64
		{C27F25DE-2AE1-4C8B-A853-239E799AF090}.Release|Any CPU.Build.0 = Release|x64
		{C27F25DE-2AE1-4C8B-A853-239E799AF090}.Release|x64.ActiveCfg = Release|x64
		{C27F25DE-2AE1-4C8B-A853-239E799AF090}.Release|x64.Build.0 = Release|x64
		{C27F25DE-2AE1-4C8B-A853-239E799AF090}.Release|x86.ActiveCfg = Release|Win32
		{C27F25DE-2AE1-4C8B-A853-239E799AF090}.Release|x86.Build.0 = Release|Win32
		{7FFB72B0-598E-4FFC-BEB1-CD0487973C5F}.Debug|Any CPU.ActiveCfg = Debug|x64
		{7FFB72B0-598E-4FFC-BEB1-CD0487973C5F}.Debug|Any CPU.Build.0 = Debug|x64
		{7FFB72B0-598E-4FFC-BEB1-CD0487973C5F}.Debug|x64.ActiveCfg = Debug|x64
		{7FFB72B0-598E-4FFC-BEB1-CD0487973C5F}.Debug|x64.Build.0 = Debug|x64
		{7FFB72B0-598E-4FFC-BEB1-CD0487973C5F}.Debug|x86.ActiveCfg = Debug|Win32
		{7FFB72B0-598E-4FFC-BEB1-CD0487973C5F}.Debug|x86.Build.0 = Debug|Win32
		{7FFB72B0-598E-4FFC-BEB1-CD0487973C5F}.Release|Any CPU.ActiveCfg = Release|x64
		{7FFB72B0-598E-4FFC-BEB1-CD0487973C5F}.Release|Any CPU.Build.0 = Release|x64
		{7FFB72B0-598E-4FFC-BEB1-CD0487973C5F}.Release|x64.ActiveCfg = Release|x64
		{7FFB72B0-598E-4FFC-BEB1-CD0487973C5F}.Release|x64.Build.0 = Release|x64
		{7FFB72B0-598E-4FFC-BEB1-CD0487973C5F}.Release|x86.ActiveCfg = Release|Win32
		{7FFB72B0-598E-4FFC-BEB1-CD0487973C5F}.Release|x86.Build.0 = Release|Win32
		{6E0D1E19-3C3A-4615-964C-CF2C243AEAAD}.Debug|Any CPU.ActiveCfg = Debug|x64
		{6E0D1E19-3C3A-4615-964C-CF2C243AEAAD}.Debug|Any CPU.Build.0 = Debug|x64
		{6E0D1E19-3C3A-4615-964C-CF2C243AEAAD}.Debug|x64.ActiveCfg = Debug|x64
		{6E0D1E19-3C3A-4615-964C-CF2C243AEAAD}.Debug|x64.Build.0 = Debug|x64
		{6E0D1E19-3C3A-4615-964C-CF2C243AEAAD}.Debug|x86.ActiveCfg = Debug|Win32
		{6E0D1E19-3C3A-4615-964C-CF2C243AEAAD}.Debug|x86.Build.0 = Debug|Win32
		{6E0D1E19-3C3A-4615-964C-CF2C243AEAAD}.Release|Any CPU.ActiveCfg = Release|x64
		{6E0D1E19-3C3A-4615-964C-CF2C243AEAAD}.Release|Any CPU.Build.0 = Release|x64
		{6E0D1E19-3C3A-4615-964C-CF2C243AEAAD}.Release|x64.ActiveCfg = Release|x64
		{6E0D1E19-3C3A-4615-964C-CF2C243AEAAD}.Release|x64.Build.0 = Release|x64
		{6E0D1E19-3C3A-4615-964C-CF2C243AEAAD}.Release|x86.ActiveCfg = Release|Win32
		{6E0D1E19-3C3A-4615-964C-CF2C243AEAAD}.Release|x86.Build.0 = Release|Win32
		{77B92DF7-9564-3DE8-72CD-960459D1F950}.Debug|Any CPU.ActiveCfg = Debug|x64
		{77B92DF7-9564-3DE8-72CD-960459D1F950}.Debug|Any CPU.Build.0 = Debug|x64
		{77B92DF7-9564-3DE8-72CD-960459D1F950}.Debug|x64.ActiveCfg = Debug|x64
		{77B92DF7-9564-3DE8-72CD-960459D1F950}.Debug|x64.Build.0 = Debug|x64
		{77B92DF7-9564-3DE8-72CD-960459D1F950}.Debug|x86.ActiveCfg = Debug|Win32
		{77B92DF7-9564-3DE8-72CD-960459D1F950}.Debug|x86.Build.0 = Debug|Win32
		{77B92DF7-9564-3DE8-72CD-960459D1F950}.Release|Any CPU.ActiveCfg = Release|x64
		{77B92DF7-9564-3DE8-72CD-960459D1F950}.Release|Any CPU.Build.0 = Release|x64
		{77B92DF7-9564-3DE8-72CD-960459D1F950}.Release|x64.ActiveCfg = Release|x64
		{77B92DF7-9564-3DE8-72CD-960459D1F950}.Release|x64.Build.0 = Release|x64
		{77B92DF7-9564-3DE8-72CD-960459D1F950}.Release|x86.ActiveCfg = Release|Win32
		{77B92DF7-9564-3DE8-72CD-960459D1F950}.Release|x86.Build.0 = Release|Win32
	EndGlobalSection
	GlobalSection(SolutionProperties) = preSolution
		HideSolutionNode = FALSE
	EndGlobalSection
	GlobalSection(NestedProjects) = preSolution
		{02EA681E-C7D8-13C7-8484-4AC65E1B71E8} = {16D12315-5AF8-44FB-A182-B561A2CD084E}
		{D568C589-5E32-4D7C-9F8B-CE1E0775C7BE} = {16D12315-5AF8-44FB-A182-B561A2CD084E}
		{F12B4C46-B686-3CA1-BE43-7532C8620D2F} = {02EA681E-C7D8-13C7-8484-4AC65E1B71E8}
		{564339D3-93A0-C047-0749-BC1347ADA1D9} = {02EA681E-C7D8-13C7-8484-4AC65E1B71E8}
		{84892C88-071F-ECFB-7BA4-3D83B1F72BD6} = {02EA681E-C7D8-13C7-8484-4AC65E1B71E8}
		{C27F25DE-2AE1-4C8B-A853-239E799AF090} = {D568C589-5E32-4D7C-9F8B-CE1E0775C7BE}
		{7FFB72B0-598E-4FFC-BEB1-CD0487973C5F} = {D568C589-5E32-4D7C-9F8B-CE1E0775C7BE}
		{6E0D1E19-3C3A-4615-964C-CF2C243AEAAD} = {D568C589-5E32-4D7C-9F8B-CE1E0775C7BE}
		{77B92DF7-9564-3DE8-72CD-960459D1F950} = {2B56AC78-1EAA-4CD0-80D0-827A7BEB9FC5}
	EndGlobalSection
	GlobalSection(ExtensibilityGlobals) = postSolution
		SolutionGuid = {644788B4-4F02-4491-93C2-A1CC6D7FC2E2}
	EndGlobalSection
EndGlobal
